
Microsoft Visual Studio Solution File, Format Version 12.00
# Visual Studio Express 2012 for Windows Desktop
Project("{FAE04EC0-301F-11D3-BF4B-00C04F79EFBC}") = "Aula 14 tabuada", "Aula 14 tabuada\Aula 14 tabuada.csproj", "{6ED45433-0003-4A2E-BCA9-8355E41B17E1}"
EndProject
Global
	GlobalSection(SolutionConfigurationPlatforms) = preSolution
		Debug|Any CPU = Debug|Any CPU
		Release|Any CPU = Release|Any CPU
	EndGlobalSection
	GlobalSection(ProjectConfigurationPlatforms) = postSolution
		{6ED45433-0003-4A2E-BCA9-8355E41B17E1}.Debug|Any CPU.ActiveCfg = Debug|Any CPU
		{6ED45433-0003-4A2E-BCA9-8355E41B17E1}.Debug|Any CPU.Build.0 = Debug|Any CPU
		{6ED45433-0003-4A2E-BCA9-8355E41B17E1}.Release|Any CPU.ActiveCfg = Release|Any CPU
		{6ED45433-0003-4A2E-BCA9-8355E41B17E1}.Release|Any CPU.Build.0 = Release|Any CPU
	EndGlobalSection
	GlobalSection(SolutionProperties) = preSolution
		HideSolutionNode = FALSE
	EndGlobalSection
EndGlobal
